
Microsoft Visual Studio Solution File, Format Version 12.00
# Visual Studio 2013
VisualStudioVersion = 12.0.21005.1
MinimumVisualStudioVersion = 10.0.40219.1
Project("{FAE04EC0-301F-11D3-BF4B-00C04F79EFBC}") = "OracleData", "OracleVsMsTest\OracleData.csproj", "{8D2A255B-D436-4FF4-ABDD-248F7B097F60}"
EndProject
Project("{FAE04EC0-301F-11D3-BF4B-00C04F79EFBC}") = "MSData", "MSData\MSData.csproj", "{5D3AC036-FD41-4303-AD08-803F068F9A3A}"
EndProject
Project("{FAE04EC0-301F-11D3-BF4B-00C04F79EFBC}") = "Client", "Client\Client.csproj", "{C953C5CE-DBF8-462D-BDAE-1932AE0BAAFC}"
EndProject
Global
	GlobalSection(SolutionConfigurationPlatforms) = preSolution
		Debug|Any CPU = Debug|Any CPU
		Release|Any CPU = Release|Any CPU
	EndGlobalSection
	GlobalSection(ProjectConfigurationPlatforms) = postSolution
		{8D2A255B-D436-4FF4-ABDD-248F7B097F60}.Debug|Any CPU.ActiveCfg = Debug|Any CPU
		{8D2A255B-D436-4FF4-ABDD-248F7B097F60}.Debug|Any CPU.Build.0 = Debug|Any CPU
		{8D2A255B-D436-4FF4-ABDD-248F7B097F60}.Release|Any CPU.ActiveCfg = Release|Any CPU
		{8D2A255B-D436-4FF4-ABDD-248F7B097F60}.Release|Any CPU.Build.0 = Release|Any CPU
		{5D3AC036-FD41-4303-AD08-803F068F9A3A}.Debug|Any CPU.ActiveCfg = Debug|Any CPU
		{5D3AC036-FD41-4303-AD08-803F068F9A3A}.Debug|Any CPU.Build.0 = Debug|Any CPU
		{5D3AC036-FD41-4303-AD08-803F068F9A3A}.Release|Any CPU.ActiveCfg = Release|Any CPU
		{5D3AC036-FD41-4303-AD08-803F068F9A3A}.Release|Any CPU.Build.0 = Release|Any CPU
		{C953C5CE-DBF8-462D-BDAE-1932AE0BAAFC}.Debug|Any CPU.ActiveCfg = Debug|Any CPU
		{C953C5CE-DBF8-462D-BDAE-1932AE0BAAFC}.Debug|Any CPU.Build.0 = Debug|Any CPU
		{C953C5CE-DBF8-462D-BDAE-1932AE0BAAFC}.Release|Any CPU.ActiveCfg = Release|Any CPU
		{C953C5CE-DBF8-462D-BDAE-1932AE0BAAFC}.Release|Any CPU.Build.0 = Release|Any CPU
	EndGlobalSection
	GlobalSection(SolutionProperties) = preSolution
		HideSolutionNode = FALSE
	EndGlobalSection
EndGlobal
